// !$*UTF8*$!
{
	archiveVersion = 1;
	classes = {
	};
	objectVersion = 46;
	objects = {

/* Begin PBXBuildFile section */
		885949211D07A4BC000BF104 /* AppDelegate.swift in Sources */ = {isa = PBXBuildFile; fileRef = 885949201D07A4BC000BF104 /* AppDelegate.swift */; };
		885949231D07A4BC000BF104 /* ViewController.swift in Sources */ = {isa = PBXBuildFile; fileRef = 885949221D07A4BC000BF104 /* ViewController.swift */; };
		885949261D07A4BC000BF104 /* Main.storyboard in Resources */ = {isa = PBXBuildFile; fileRef = 885949241D07A4BC000BF104 /* Main.storyboard */; };
		885949281D07A4BC000BF104 /* Assets.xcassets in Resources */ = {isa = PBXBuildFile; fileRef = 885949271D07A4BC000BF104 /* Assets.xcassets */; };
		8859492B1D07A4BC000BF104 /* LaunchScreen.storyboard in Resources */ = {isa = PBXBuildFile; fileRef = 885949291D07A4BC000BF104 /* LaunchScreen.storyboard */; };
		885949351D07A98F000BF104 /* test_evening_sample.png in Resources */ = {isa = PBXBuildFile; fileRef = 885949321D07A98F000BF104 /* test_evening_sample.png */; };
		885949361D07A98F000BF104 /* test_morning_sample.png in Resources */ = {isa = PBXBuildFile; fileRef = 885949331D07A98F000BF104 /* test_morning_sample.png */; };
		885949371D07A98F000BF104 /* test_night_sample.png in Resources */ = {isa = PBXBuildFile; fileRef = 885949341D07A98F000BF104 /* test_night_sample.png */; };
		8859493B1D07D01F000BF104 /* TestViewController.swift in Sources */ = {isa = PBXBuildFile; fileRef = 8859493A1D07D01F000BF104 /* TestViewController.swift */; };
/* End PBXBuildFile section */

/* Begin PBXFileReference section */
		8859491D1D07A4BC000BF104 /* ContainerView.app */ = {isa = PBXFileReference; explicitFileType = wrapper.application; includeInIndex = 0; path = ContainerView.app; sourceTree = BUILT_PRODUCTS_DIR; };
		885949201D07A4BC000BF104 /* AppDelegate.swift */ = {isa = PBXFileReference; lastKnownFileType = sourcecode.swift; path = AppDelegate.swift; sourceTree = "<group>"; };
		885949221D07A4BC000BF104 /* ViewController.swift */ = {isa = PBXFileReference; lastKnownFileType = sourcecode.swift; path = ViewController.swift; sourceTree = "<group>"; };
		885949251D07A4BC000BF104 /* Base */ = {isa = PBXFileReference; lastKnownFileType = file.storyboard; name = Base; path = Base.lproj/Main.storyboard; sourceTree = "<group>"; };
		885949271D07A4BC000BF104 /* Assets.xcassets */ = {isa = PBXFileReference; lastKnownFileType = folder.assetcatalog; path = Assets.xcassets; sourceTree = "<group>"; };
		8859492A1D07A4BC000BF104 /* Base */ = {isa = PBXFileReference; lastKnownFileType = file.storyboard; name = Base; path = Base.lproj/LaunchScreen.storyboard; sourceTree = "<group>"; };
		8859492C1D07A4BC000BF104 /* Info.plist */ = {isa = PBXFileReference; lastKnownFileType = text.plist.xml; path = Info.plist; sourceTree = "<group>"; };
		885949321D07A98F000BF104 /* test_evening_sample.png */ = {isa = PBXFileReference; lastKnownFileType = image.png; path = test_evening_sample.png; sourceTree = "<group>"; };
		885949331D07A98F000BF104 /* test_morning_sample.png */ = {isa = PBXFileReference; lastKnownFileType = image.png; path = test_morning_sample.png; sourceTree = "<group>"; };
		885949341D07A98F000BF104 /* test_night_sample.png */ = {isa = PBXFileReference; lastKnownFileType = image.png; path = test_night_sample.png; sourceTree = "<group>"; };
		8859493A1D07D01F000BF104 /* TestViewController.swift */ = {isa = PBXFileReference; fileEncoding = 4; lastKnownFileType = sourcecode.swift; path = TestViewController.swift; sourceTree = "<group>"; };
/* End PBXFileReference section */

/* Begin PBXFrameworksBuildPhase section */
		8859491A1D07A4BC000BF104 /* Frameworks */ = {
			isa = PBXFrameworksBuildPhase;
			buildActionMask = 2147483647;
			files = (
			);
			runOnlyForDeploymentPostprocessing = 0;
		};
/* End PBXFrameworksBuildPhase section */

/* Begin PBXGroup section */
		885949141D07A4BC000BF104 = {
			isa = PBXGroup;
			children = (
				8859491F1D07A4BC000BF104 /* ContainerView */,
				8859491E1D07A4BC000BF104 /* Products */,
			);
			sourceTree = "<group>";
		};
		8859491E1D07A4BC000BF104 /* Products */ = {
			isa = PBXGroup;
			children = (
				8859491D1D07A4BC000BF104 /* ContainerView.app */,
			);
			name = Products;
			sourceTree = "<group>";
		};
		8859491F1D07A4BC000BF104 /* ContainerView */ = {
			isa = PBXGroup;
			children = (
				885949201D07A4BC000BF104 /* AppDelegate.swift */,
				885949221D07A4BC000BF104 /* ViewController.swift */,
				885949241D07A4BC000BF104 /* Main.storyboard */,
				8859493A1D07D01F000BF104 /* TestViewController.swift */,
				885949321D07A98F000BF104 /* test_evening_sample.png */,
				885949331D07A98F000BF104 /* test_morning_sample.png */,
				885949341D07A98F000BF104 /* test_night_sample.png */,
				885949271D07A4BC000BF104 /* Assets.xcassets */,
				885949291D07A4BC000BF104 /* LaunchScreen.storyboard */,
				8859492C1D07A4BC000BF104 /* Info.plist */,
			);
			path = ContainerView;
			sourceTree = "<group>";
		};
/* End PBXGroup section */

/* Begin PBXNativeTarget section */
		8859491C1D07A4BC000BF104 /* ContainerView */ = {
			isa = PBXNativeTarget;
			buildConfigurationList = 8859492F1D07A4BC000BF104 /* Build configuration list for PBXNativeTarget "ContainerView" */;
			buildPhases = (
				885949191D07A4BC000BF104 /* Sources */,
				8859491A1D07A4BC000BF104 /* Frameworks */,
				8859491B1D07A4BC000BF104 /* Resources */,
			);
			buildRules = (
			);
			dependencies = (
			);
			name = ContainerView;
			productName = ContainerView;
			productReference = 8859491D1D07A4BC000BF104 /* ContainerView.app */;
			productType = "com.apple.product-type.application";
		};
/* End PBXNativeTarget section */

/* Begin PBXProject section */
		885949151D07A4BC000BF104 /* Project object */ = {
			isa = PBXProject;
			attributes = {
				LastSwiftUpdateCheck = 0720;
				LastUpgradeCheck = 0720;
				ORGANIZATIONNAME = TestOrganization;
				TargetAttributes = {
					8859491C1D07A4BC000BF104 = {
						CreatedOnToolsVersion = 7.2.1;
					};
				};
			};
			buildConfigurationList = 885949181D07A4BC000BF104 /* Build configuration list for PBXProject "ContainerView" */;
			compatibilityVersion = "Xcode 3.2";
			developmentRegion = English;
			hasScannedForEncodings = 0;
			knownRegions = (
				en,
				Base,
			);
			mainGroup = 885949141D07A4BC000BF104;
			productRefGroup = 8859491E1D07A4BC000BF104 /* Products */;
			projectDirPath = "";
			projectRoot = "";
			targets = (
				8859491C1D07A4BC000BF104 /* ContainerView */,
			);
		};
/* End PBXProject section */

/* Begin PBXResourcesBuildPhase section */
		8859491B1D07A4BC000BF104 /* Resources */ = {
			isa = PBXResourcesBuildPhase;
			buildActionMask = 2147483647;
			files = (
				8859492B1D07A4BC000BF104 /* LaunchScreen.storyboard in Resources */,
				885949281D07A4BC000BF104 /* Assets.xcassets in Resources */,
				885949351D07A98F000BF104 /* test_evening_sample.png in Resources */,
				885949361D07A98F000BF104 /* test_morning_sample.png in Resources */,
				885949371D07A98F000BF104 /* test_night_sample.png in Resources */,
				885949261D07A4BC000BF104 /* Main.storyboard in Resources */,
			);
			runOnlyForDeploymentPostprocessing = 0;
		};
/* End PBXResourcesBuildPhase section */

/* Begin PBXSourcesBuildPhase section */
		885949191D07A4BC000BF104 /* Sources */ = {
			isa = PBXSourcesBuildPhase;
			buildActionMask = 2147483647;
			files = (
				885949231D07A4BC000BF104 /* ViewController.swift in Sources */,
				8859493B1D07D01F000BF104 /* TestViewController.swift in Sources */,
				885949211D07A4BC000BF104 /* AppDelegate.swift in Sources */,
			);
			runOnlyForDeploymentPostprocessing = 0;
		};
/* End PBXSourcesBuildPhase section */

/* Begin PBXVariantGroup section */
		885949241D07A4BC000BF104 /* Main.storyboard */ = {
			isa = PBXVariantGroup;
			children = (
				885949251D07A4BC000BF104 /* Base */,
			);
			name = Main.storyboard;
			sourceTree = "<group>";
		};
		885949291D07A4BC000BF104 /* LaunchScreen.storyboard */ = {
			isa = PBXVariantGroup;
			children = (
				8859492A1D07A4BC000BF104 /* Base */,
			);
			name = LaunchScreen.storyboard;
			sourceTree = "<group>";
		};
/* End PBXVariantGroup section */

/* Begin XCBuildConfiguration section */
		8859492D1D07A4BC000BF104 /* Debug */ = {
			isa = XCBuildConfiguration;
			buildSettings = {
				ALWAYS_SEARCH_USER_PATHS = NO;
				CLANG_CXX_LANGUAGE_STANDARD = "gnu++0x";
				CLANG_CXX_LIBRARY = "libc++";
				CLANG_ENABLE_MODULES = YES;
				CLANG_ENABLE_OBJC_ARC = YES;
				CLANG_WARN_BOOL_CONVERSION = YES;
				CLANG_WARN_CONSTANT_CONVERSION = YES;
				CLANG_WARN_DIRECT_OBJC_ISA_USAGE = YES_ERROR;
				CLANG_WARN_EMPTY_BODY = YES;
				CLANG_WARN_ENUM_CONVERSION = YES;
				CLANG_WARN_INT_CONVERSION = YES;
				CLANG_WARN_OBJC_ROOT_CLASS = YES_ERROR;
				CLANG_WARN_UNREACHABLE_CODE = YES;
				CLANG_WARN__DUPLICATE_METHOD_MATCH = YES;
				"CODE_SIGN_IDENTITY[sdk=iphoneos*]" = "iPhone Developer";
				COPY_PHASE_STRIP = NO;
				DEBUG_INFORMATION_FORMAT = dwarf;
				ENABLE_STRICT_OBJC_MSGSEND = YES;
				ENABLE_TESTABILITY = YES;
				GCC_C_LANGUAGE_STANDARD = gnu99;
				GCC_DYNAMIC_NO_PIC = NO;
				GCC_NO_COMMON_BLOCKS = YES;
				GCC_OPTIMIZATION_LEVEL = 0;
				GCC_PREPROCESSOR_DEFINITIONS = (
					"DEBUG=1",
					"$(inherited)",
				);
				GCC_WARN_64_TO_32_BIT_CONVERSION = YES;
				GCC_WARN_ABOUT_RETURN_TYPE = YES_ERROR;
				GCC_WARN_UNDECLARED_SELECTOR = YES;
				GCC_WARN_UNINITIALIZED_AUTOS = YES_AGGRESSIVE;
				GCC_WARN_UNUSED_FUNCTION = YES;
				GCC_WARN_UNUSED_VARIABLE = YES;
				IPHONEOS_DEPLOYMENT_TARGET = 9.2;
				MTL_ENABLE_DEBUG_INFO = YES;
				ONLY_ACTIVE_ARCH = YES;
				SDKROOT = iphoneos;
				SWIFT_OPTIMIZATION_LEVEL = "-Onone";
				TARGETED_DEVICE_FAMILY = "1,2";
			};
			name = Debug;
		};
		8859492E1D07A4BC000BF104 /* Release */ = {
			isa = XCBuildConfiguration;
			buildSettings = {
				ALWAYS_SEARCH_USER_PATHS = NO;
				CLANG_CXX_LANGUAGE_STANDARD = "gnu++0x";
				CLANG_CXX_LIBRARY = "libc++";
				CLANG_ENABLE_MODULES = YES;
				CLANG_ENABLE_OBJC_ARC = YES;
				CLANG_WARN_BOOL_CONVERSION = YES;
				CLANG_WARN_CONSTANT_CONVERSION = YES;
				CLANG_WARN_DIRECT_OBJC_ISA_USAGE = YES_ERROR;
				CLANG_WARN_EMPTY_BODY = YES;
				CLANG_WARN_ENUM_CONVERSION = YES;
				CLANG_WARN_INT_CONVERSION = YES;
				CLANG_WARN_OBJC_ROOT_CLASS = YES_ERROR;
				CLANG_WARN_UNREACHABLE_CODE = YES;
				CLANG_WARN__DUPLICATE_METHOD_MATCH = YES;
				"CODE_SIGN_IDENTITY[sdk=iphoneos*]" = "iPhone Developer";
				COPY_PHASE_STRIP = NO;
				DEBUG_INFORMATION_FORMAT = "dwarf-with-dsym";
				ENABLE_NS_ASSERTIONS = NO;
				ENABLE_STRICT_OBJC_MSGSEND = YES;
				GCC_C_LANGUAGE_STANDARD = gnu99;
				GCC_NO_COMMON_BLOCKS = YES;
				GCC_WARN_64_TO_32_BIT_CONVERSION = YES;
				GCC_WARN_ABOUT_RETURN_TYPE = YES_ERROR;
				GCC_WARN_UNDECLARED_SELECTOR = YES;
				GCC_WARN_UNINITIALIZED_AUTOS = YES_AGGRESSIVE;
				GCC_WARN_UNUSED_FUNCTION = YES;
				GCC_WARN_UNUSED_VARIABLE = YES;
				IPHONEOS_DEPLOYMENT_TARGET = 9.2;
				MTL_ENABLE_DEBUG_INFO = NO;
				SDKROOT = iphoneos;
				TARGETED_DEVICE_FAMILY = "1,2";
				VALIDATE_PRODUCT = YES;
			};
			name = Release;
		};
		885949301D07A4BC000BF104 /* Debug */ = {
			isa = XCBuildConfiguration;
			buildSettings = {
				ASSETCATALOG_COMPILER_APPICON_NAME = AppIcon;
				INFOPLIST_FILE = ContainerView/Info.plist;
				LD_RUNPATH_SEARCH_PATHS = "$(inherited) @executable_path/Frameworks";
				PRODUCT_BUNDLE_IDENTIFIER = com.test.ContainerView;
				PRODUCT_NAME = "$(TARGET_NAME)";
			};
			name = Debug;
		};
		885949311D07A4BC000BF104 /* Release */ = {
			isa = XCBuildConfiguration;
			buildSettings = {
				ASSETCATALOG_COMPILER_APPICON_NAME = AppIcon;
				INFOPLIST_FILE = ContainerView/Info.plist;
				LD_RUNPATH_SEARCH_PATHS = "$(inherited) @executable_path/Frameworks";
				PRODUCT_BUNDLE_IDENTIFIER = com.test.ContainerView;
				PRODUCT_NAME = "$(TARGET_NAME)";
			};
			name = Release;
		};
/* End XCBuildConfiguration section */

/* Begin XCConfigurationList section */
		885949181D07A4BC000BF104 /* Build configuration list for PBXProject "ContainerView" */ = {
			isa = XCConfigurationList;
			buildConfigurations = (
				8859492D1D07A4BC000BF104 /* Debug */,
				8859492E1D07A4BC000BF104 /* Release */,
			);
			defaultConfigurationIsVisible = 0;
			defaultConfigurationName = Release;
		};
		8859492F1D07A4BC000BF104 /* Build configuration list for PBXNativeTarget "ContainerView" */ = {
			isa = XCConfigurationList;
			buildConfigurations = (
				885949301D07A4BC000BF104 /* Debug */,
				885949311D07A4BC000BF104 /* Release */,
			);
			defaultConfigurationIsVisible = 0;
			defaultConfigurationName = Release;
		};
/* End XCConfigurationList section */
	};
	rootObject = 885949151D07A4BC000BF104 /* Project object */;
}
